
Microsoft Visual Studio Solution File, Format Version 12.00
# Visual Studio 15
VisualStudioVersion = 15.0.28307.902
MinimumVisualStudioVersion = 10.0.40219.1
Project("{FAE04EC0-301F-11D3-BF4B-00C04F79EFBC}") = "Client", "Client\Client.csproj", "{B01D7994-DCB6-4CD5-8C95-C6CEE274A134}"
EndProject
Project("{FAE04EC0-301F-11D3-BF4B-00C04F79EFBC}") = "Server", "Server\Server.csproj", "{5037E954-4F3F-403C-A4B2-73760B75E79A}"
EndProject
Project("{FAE04EC0-301F-11D3-BF4B-00C04F79EFBC}") = "IpcLibrary", "IpcLibrary\IpcLibrary.csproj", "{03A557A9-C1B5-4DFE-84F0-C69574ACDE44}"
EndProject
Global
	GlobalSection(SolutionConfigurationPlatforms) = preSolution
		Debug|Any CPU = Debug|Any CPU
		Release|Any CPU = Release|Any CPU
	EndGlobalSection
	GlobalSection(ProjectConfigurationPlatforms) = postSolution
		{B01D7994-DCB6-4CD5-8C95-C6CEE274A134}.Debug|Any CPU.ActiveCfg = Debug|Any CPU
		{B01D7994-DCB6-4CD5-8C95-C6CEE274A134}.Debug|Any CPU.Build.0 = Debug|Any CPU
		{B01D7994-DCB6-4CD5-8C95-C6CEE274A134}.Release|Any CPU.ActiveCfg = Release|Any CPU
		{B01D7994-DCB6-4CD5-8C95-C6CEE274A134}.Release|Any CPU.Build.0 = Release|Any CPU
		{5037E954-4F3F-403C-A4B2-73760B75E79A}.Debug|Any CPU.ActiveCfg = Debug|Any CPU
		{5037E954-4F3F-403C-A4B2-73760B75E79A}.Debug|Any CPU.Build.0 = Debug|Any CPU
		{5037E954-4F3F-403C-A4B2-73760B75E79A}.Release|Any CPU.ActiveCfg = Release|Any CPU
		{5037E954-4F3F-403C-A4B2-73760B75E79A}.Release|Any CPU.Build.0 = Release|Any CPU
		{03A557A9-C1B5-4DFE-84F0-C69574ACDE44}.Debug|Any CPU.ActiveCfg = Debug|Any CPU
		{03A557A9-C1B5-4DFE-84F0-C69574ACDE44}.Debug|Any CPU.Build.0 = Debug|Any CPU
		{03A557A9-C1B5-4DFE-84F0-C69574ACDE44}.Release|Any CPU.ActiveCfg = Release|Any CPU
		{03A557A9-C1B5-4DFE-84F0-C69574ACDE44}.Release|Any CPU.Build.0 = Release|Any CPU
	EndGlobalSection
	GlobalSection(SolutionProperties) = preSolution
		HideSolutionNode = FALSE
	EndGlobalSection
	GlobalSection(ExtensibilityGlobals) = postSolution
		SolutionGuid = {7B9FA7AA-CC8D-4A96-9B26-51B7511C328B}
	EndGlobalSection
EndGlobal
